
Microsoft Visual Studio Solution File, Format Version 12.00
# Visual Studio Version 17
VisualStudioVersion = 17.3.32929.385
MinimumVisualStudioVersion = 10.0.40219.1
Project("{FAE04EC0-301F-11D3-BF4B-00C04F79EFBC}") = "Repsositorio_211G0371", "Repsositorio_211G0371.csproj", "{7A01FB3C-CB35-4636-86AA-DB14F6549C30}"
EndProject
Global
	GlobalSection(SolutionConfigurationPlatforms) = preSolution
		Debug|Any CPU = Debug|Any CPU
		Release|Any CPU = Release|Any CPU
	EndGlobalSection
	GlobalSection(ProjectConfigurationPlatforms) = postSolution
		{7A01FB3C-CB35-4636-86AA-DB14F6549C30}.Debug|Any CPU.ActiveCfg = Debug|Any CPU
		{7A01FB3C-CB35-4636-86AA-DB14F6549C30}.Debug|Any CPU.Build.0 = Debug|Any CPU
		{7A01FB3C-CB35-4636-86AA-DB14F6549C30}.Release|Any CPU.ActiveCfg = Release|Any CPU
		{7A01FB3C-CB35-4636-86AA-DB14F6549C30}.Release|Any CPU.Build.0 = Release|Any CPU
	EndGlobalSection
	GlobalSection(SolutionProperties) = preSolution
		HideSolutionNode = FALSE
	EndGlobalSection
	GlobalSection(ExtensibilityGlobals) = postSolution
		SolutionGuid = {34257640-2FB6-430C-8C26-82974C5F91A3}
	EndGlobalSection
EndGlobal
