
Microsoft Visual Studio Solution File, Format Version 12.00
# Visual Studio Version 17
VisualStudioVersion = 17.3.32929.385
MinimumVisualStudioVersion = 10.0.40219.1
Project("{FAE04EC0-301F-11D3-BF4B-00C04F79EFBC}") = "AdivinarNumero_wpf", "AdivinarNumero_wpf.csproj", "{A7E426A5-65BB-4419-8FFE-3B1B1F54366E}"
EndProject
Global
	GlobalSection(SolutionConfigurationPlatforms) = preSolution
		Debug|Any CPU = Debug|Any CPU
		Release|Any CPU = Release|Any CPU
	EndGlobalSection
	GlobalSection(ProjectConfigurationPlatforms) = postSolution
		{A7E426A5-65BB-4419-8FFE-3B1B1F54366E}.Debug|Any CPU.ActiveCfg = Debug|Any CPU
		{A7E426A5-65BB-4419-8FFE-3B1B1F54366E}.Debug|Any CPU.Build.0 = Debug|Any CPU
		{A7E426A5-65BB-4419-8FFE-3B1B1F54366E}.Release|Any CPU.ActiveCfg = Release|Any CPU
		{A7E426A5-65BB-4419-8FFE-3B1B1F54366E}.Release|Any CPU.Build.0 = Release|Any CPU
	EndGlobalSection
	GlobalSection(SolutionProperties) = preSolution
		HideSolutionNode = FALSE
	EndGlobalSection
	GlobalSection(ExtensibilityGlobals) = postSolution
		SolutionGuid = {5B166BB7-675E-4758-8FCC-67639CA57BCB}
	EndGlobalSection
EndGlobal
